
Microsoft Visual Studio Solution File, Format Version 12.00
# Visual Studio 15
VisualStudioVersion = 15.0.28010.2036
MinimumVisualStudioVersion = 10.0.40219.1
Project("{FAE04EC0-301F-11D3-BF4B-00C04F79EFBC}") = "HospitalWaitingRoom", "HospitalWaitingRoom\HospitalWaitingRoom.csproj", "{E1516D04-AE7A-49E0-BF63-57275469CBF9}"
EndProject
Project("{FAE04EC0-301F-11D3-BF4B-00C04F79EFBC}") = "XUnitTestHospitalWaitingRoom", "XUnitTestHospitalWaitingRoom\XUnitTestHospitalWaitingRoom.csproj", "{5D6B8B7D-4FB9-4183-853F-5255338E93A1}"
EndProject
Global
	GlobalSection(SolutionConfigurationPlatforms) = preSolution
		Debug|Any CPU = Debug|Any CPU
		Release|Any CPU = Release|Any CPU
	EndGlobalSection
	GlobalSection(ProjectConfigurationPlatforms) = postSolution
		{E1516D04-AE7A-49E0-BF63-57275469CBF9}.Debug|Any CPU.ActiveCfg = Debug|Any CPU
		{E1516D04-AE7A-49E0-BF63-57275469CBF9}.Debug|Any CPU.Build.0 = Debug|Any CPU
		{E1516D04-AE7A-49E0-BF63-57275469CBF9}.Release|Any CPU.ActiveCfg = Release|Any CPU
		{E1516D04-AE7A-49E0-BF63-57275469CBF9}.Release|Any CPU.Build.0 = Release|Any CPU
		{5D6B8B7D-4FB9-4183-853F-5255338E93A1}.Debug|Any CPU.ActiveCfg = Debug|Any CPU
		{5D6B8B7D-4FB9-4183-853F-5255338E93A1}.Debug|Any CPU.Build.0 = Debug|Any CPU
		{5D6B8B7D-4FB9-4183-853F-5255338E93A1}.Release|Any CPU.ActiveCfg = Release|Any CPU
		{5D6B8B7D-4FB9-4183-853F-5255338E93A1}.Release|Any CPU.Build.0 = Release|Any CPU
	EndGlobalSection
	GlobalSection(SolutionProperties) = preSolution
		HideSolutionNode = FALSE
	EndGlobalSection
	GlobalSection(ExtensibilityGlobals) = postSolution
		SolutionGuid = {826BB1FB-F460-4B4E-B8D9-97FA7D66D700}
	EndGlobalSection
EndGlobal
